
Microsoft Visual Studio Solution File, Format Version 12.00
# Visual Studio Version 17
VisualStudioVersion = 17.9.34622.214
MinimumVisualStudioVersion = 10.0.40219.1
Project("{FAE04EC0-301F-11D3-BF4B-00C04F79EFBC}") = "PS02_05", "PS02_05\PS02_05.csproj", "{5C2BC9DD-7F60-442E-ACB1-D937EA7DB168}"
EndProject
Global
	GlobalSection(SolutionConfigurationPlatforms) = preSolution
		Debug|Any CPU = Debug|Any CPU
		Release|Any CPU = Release|Any CPU
	EndGlobalSection
	GlobalSection(ProjectConfigurationPlatforms) = postSolution
		{5C2BC9DD-7F60-442E-ACB1-D937EA7DB168}.Debug|Any CPU.ActiveCfg = Debug|Any CPU
		{5C2BC9DD-7F60-442E-ACB1-D937EA7DB168}.Debug|Any CPU.Build.0 = Debug|Any CPU
		{5C2BC9DD-7F60-442E-ACB1-D937EA7DB168}.Release|Any CPU.ActiveCfg = Release|Any CPU
		{5C2BC9DD-7F60-442E-ACB1-D937EA7DB168}.Release|Any CPU.Build.0 = Release|Any CPU
	EndGlobalSection
	GlobalSection(SolutionProperties) = preSolution
		HideSolutionNode = FALSE
	EndGlobalSection
	GlobalSection(ExtensibilityGlobals) = postSolution
		SolutionGuid = {7D118C86-C12C-4AB3-9E83-F5EA364F2BDA}
	EndGlobalSection
EndGlobal
